
Microsoft Visual Studio Solution File, Format Version 12.00
# Visual Studio Version 16
VisualStudioVersion = 16.0.30309.148
MinimumVisualStudioVersion = 10.0.40219.1
Project("{FAE04EC0-301F-11D3-BF4B-00C04F79EFBC}") = "Blog", "Blog\Blog.csproj", "{4493D3E6-9065-49AA-912C-1FE6DDE6D70A}"
EndProject
Global
	GlobalSection(SolutionConfigurationPlatforms) = preSolution
		Debug|Any CPU = Debug|Any CPU
		Release|Any CPU = Release|Any CPU
	EndGlobalSection
	GlobalSection(ProjectConfigurationPlatforms) = postSolution
		{4493D3E6-9065-49AA-912C-1FE6DDE6D70A}.Debug|Any CPU.ActiveCfg = Debug|Any CPU
		{4493D3E6-9065-49AA-912C-1FE6DDE6D70A}.Debug|Any CPU.Build.0 = Debug|Any CPU
		{4493D3E6-9065-49AA-912C-1FE6DDE6D70A}.Release|Any CPU.ActiveCfg = Release|Any CPU
		{4493D3E6-9065-49AA-912C-1FE6DDE6D70A}.Release|Any CPU.Build.0 = Release|Any CPU
	EndGlobalSection
	GlobalSection(SolutionProperties) = preSolution
		HideSolutionNode = FALSE
	EndGlobalSection
	GlobalSection(ExtensibilityGlobals) = postSolution
		SolutionGuid = {C196F7A6-2DDD-40CD-B510-5AAD5D470092}
	EndGlobalSection
EndGlobal
